# THIS IS AN AUTOGENERATED FILE. DO NOT EDIT THIS FILE DIRECTLY.
# yarn lockfile v1


stuffs@^0.1.3:
  version "0.1.3"
  resolved "https://registry.yarnpkg.com/stuffs/-/stuffs-0.1.3.tgz#f731a2f0b2dae247e46fa8c49bc1e37595186a21"
  integrity sha512-QuRYZyvkCmyoe6BUrwd0J6FBTHhjH5+2P7BUgU5RpHjJyYtuAUHdaUVjQ9HfJm6Be9FIknqgv2yXBIRZxoBOiQ==
